
Microsoft Visual Studio Solution File, Format Version 12.00
# Visual Studio Version 17
VisualStudioVersion = 17.0.32112.339
MinimumVisualStudioVersion = 10.0.40219.1
Project("{FAE04EC0-301F-11D3-BF4B-00C04F79EFBC}") = "Tanneryd.Chronometry", "Tanneryd.Chronometry\Tanneryd.Chronometry.csproj", "{872BAFC3-4D37-475D-BB33-EF193CA0711D}"
EndProject
Project("{FAE04EC0-301F-11D3-BF4B-00C04F79EFBC}") = "Tanneryd.Chronometry.Tests", "Tanneryd.Chronometry.Tests\Tanneryd.Chronometry.Tests.csproj", "{DE183BF4-A479-4F42-BB5C-A5BBA1546CEE}"
EndProject
Global
	GlobalSection(SolutionConfigurationPlatforms) = preSolution
		Debug|Any CPU = Debug|Any CPU
		Release|Any CPU = Release|Any CPU
	EndGlobalSection
	GlobalSection(ProjectConfigurationPlatforms) = postSolution
		{872BAFC3-4D37-475D-BB33-EF193CA0711D}.Debug|Any CPU.ActiveCfg = Debug|Any CPU
		{872BAFC3-4D37-475D-BB33-EF193CA0711D}.Debug|Any CPU.Build.0 = Debug|Any CPU
		{872BAFC3-4D37-475D-BB33-EF193CA0711D}.Release|Any CPU.ActiveCfg = Release|Any CPU
		{872BAFC3-4D37-475D-BB33-EF193CA0711D}.Release|Any CPU.Build.0 = Release|Any CPU
		{DE183BF4-A479-4F42-BB5C-A5BBA1546CEE}.Debug|Any CPU.ActiveCfg = Debug|Any CPU
		{DE183BF4-A479-4F42-BB5C-A5BBA1546CEE}.Debug|Any CPU.Build.0 = Debug|Any CPU
		{DE183BF4-A479-4F42-BB5C-A5BBA1546CEE}.Release|Any CPU.ActiveCfg = Release|Any CPU
		{DE183BF4-A479-4F42-BB5C-A5BBA1546CEE}.Release|Any CPU.Build.0 = Release|Any CPU
	EndGlobalSection
	GlobalSection(SolutionProperties) = preSolution
		HideSolutionNode = FALSE
	EndGlobalSection
	GlobalSection(ExtensibilityGlobals) = postSolution
		SolutionGuid = {6ABCF2FE-8342-4BB5-A529-F7560BFB2DD8}
	EndGlobalSection
EndGlobal
