
Microsoft Visual Studio Solution File, Format Version 12.00
# Visual Studio Version 17
VisualStudioVersion = 17.8.34309.116
MinimumVisualStudioVersion = 10.0.40219.1
Project("{9A19103F-16F7-4668-BE54-9A1E7A4F7556}") = "Tanneryd.Chronometry", "Tanneryd.Chronometry\Tanneryd.Chronometry.csproj", "{12EA0D4D-EAD1-4633-9A60-041F63487479}"
EndProject
Project("{FAE04EC0-301F-11D3-BF4B-00C04F79EFBC}") = "Tanneryd.Chronometry.Tests", "Tanneryd.Chronometry.Tests\Tanneryd.Chronometry.Tests.csproj", "{9A88582D-ACC6-40F6-BFF8-9D12CC7CCBCE}"
EndProject
Global
	GlobalSection(SolutionConfigurationPlatforms) = preSolution
		Debug|Any CPU = Debug|Any CPU
		Release|Any CPU = Release|Any CPU
	EndGlobalSection
	GlobalSection(ProjectConfigurationPlatforms) = postSolution
		{12EA0D4D-EAD1-4633-9A60-041F63487479}.Debug|Any CPU.ActiveCfg = Debug|Any CPU
		{12EA0D4D-EAD1-4633-9A60-041F63487479}.Debug|Any CPU.Build.0 = Debug|Any CPU
		{12EA0D4D-EAD1-4633-9A60-041F63487479}.Release|Any CPU.ActiveCfg = Release|Any CPU
		{12EA0D4D-EAD1-4633-9A60-041F63487479}.Release|Any CPU.Build.0 = Release|Any CPU
		{9A88582D-ACC6-40F6-BFF8-9D12CC7CCBCE}.Debug|Any CPU.ActiveCfg = Debug|Any CPU
		{9A88582D-ACC6-40F6-BFF8-9D12CC7CCBCE}.Debug|Any CPU.Build.0 = Debug|Any CPU
		{9A88582D-ACC6-40F6-BFF8-9D12CC7CCBCE}.Release|Any CPU.ActiveCfg = Release|Any CPU
		{9A88582D-ACC6-40F6-BFF8-9D12CC7CCBCE}.Release|Any CPU.Build.0 = Release|Any CPU
	EndGlobalSection
	GlobalSection(SolutionProperties) = preSolution
		HideSolutionNode = FALSE
	EndGlobalSection
	GlobalSection(ExtensibilityGlobals) = postSolution
		SolutionGuid = {A3B2A00F-878D-4EA2-8D67-8A13DE1F5C0B}
	EndGlobalSection
EndGlobal
